<?xml version="1.0" encoding="utf-8"?>
<Project ToolsVersion="4.0" xmlns="http://schemas.microsoft.com/developer/msbuild/2003">
  <ItemGroup>
    <Filter Include="Source Files">
      <UniqueIdentifier>{4FC737F1-C7A5-4376-A066-2A32D752A2FF}</UniqueIdentifier>
      <Extensions>cpp;c;cc;cxx;def;odl;idl;hpj;bat;asm;asmx</Extensions>
    </Filter>
    <Filter Include="Header Files">
      <UniqueIdentifier>{93995380-89BD-4b04-88EB-625FBE52EBFB}</UniqueIdentifier>
      <Extensions>h;hpp;hxx;hm;inl;inc;xsd</Extensions>
    </Filter>
    <Filter Include="Resource Files">
      <UniqueIdentifier>{67DA6AB6-F800-4c08-8B7A-83BB121AAD01}</UniqueIdentifier>
      <Extensions>rc;ico;cur;bmp;dlg;rc2;rct;bin;rgs;gif;jpg;jpeg;jpe;resx;tiff;tif;png;wav</Extensions>
    </Filter>
  </ItemGroup>
  <ItemGroup>
    <ClCompile Include="initquit.cpp">
      <Filter>Source Files</Filter>
    </ClCompile>
    <ClCompile Include="main.cpp">
      <Filter>Source Files</Filter>
    </ClCompile>
    <ClCompile Include="PCH.cpp">
      <Filter>Source Files</Filter>
    </ClCompile>
    <ClCompile Include="preferences.cpp">
      <Filter>Source Files</Filter>
    </ClCompile>
    <ClCompile Include="ui.cpp">
      <Filter>Source Files</Filter>
    </ClCompile>
    <ClCompile Include="subsoniclibraryscanner.cpp">
      <Filter>Source Files</Filter>
    </ClCompile>
    <ClCompile Include="albumQueryThread.cpp">
      <Filter>Source Files</Filter>
    </ClCompile>
    <ClCompile Include="playlistQueryThread.cpp">
      <Filter>Source Files</Filter>
    </ClCompile>
    <ClCompile Include="xmlhelper.cpp">
      <Filter>Source Files</Filter>
    </ClCompile>
    <ClCompile Include="searchQueryThread.cpp">
      <Filter>Source Files</Filter>
    </ClCompile>
    <ClCompile Include="FakeAlbumArtExtractor.cpp">
      <Filter>Source Files</Filter>
    </ClCompile>
    <ClCompile Include="sqliteCacheDb.cpp">
      <Filter>Source Files</Filter>
    </ClCompile>
    <ClCompile Include="artistUpdateThread.cpp">
      <Filter>Source Files</Filter>
    </ClCompile>
  </ItemGroup>
  <ItemGroup>
    <ClInclude Include="resource.h">
      <Filter>Header Files</Filter>
    </ClInclude>
    <ClInclude Include="stdafx.h">
      <Filter>Header Files</Filter>
    </ClInclude>
    <ClInclude Include="ui.h">
      <Filter>Header Files</Filter>
    </ClInclude>
    <ClInclude Include="preferences.h">
      <Filter>Header Files</Filter>
    </ClInclude>
    <ClInclude Include="foo_subsonic.h">
      <Filter>Header Files</Filter>
    </ClInclude>
    <ClInclude Include="track.h">
      <Filter>Header Files</Filter>
    </ClInclude>
    <ClInclude Include="album.h">
      <Filter>Header Files</Filter>
    </ClInclude>
    <ClInclude Include="meta.h">
      <Filter>Header Files</Filter>
    </ClInclude>
    <ClInclude Include="CoreEntity.h">
      <Filter>Header Files</Filter>
    </ClInclude>
    <ClInclude Include="subsoniclibraryscanner.h">
      <Filter>Header Files</Filter>
    </ClInclude>
    <ClInclude Include="simplehttpclient.h">
      <Filter>Header Files</Filter>
    </ClInclude>
    <ClInclude Include="albumQueryThread.h">
      <Filter>Header Files</Filter>
    </ClInclude>
    <ClInclude Include="playlistQueryThread.h">
      <Filter>Header Files</Filter>
    </ClInclude>
    <ClInclude Include="playlist.h">
      <Filter>Header Files</Filter>
    </ClInclude>
    <ClInclude Include="xmlhelper.h">
      <Filter>Header Files</Filter>
    </ClInclude>
    <ClInclude Include="playlistupdater.h">
      <Filter>Header Files</Filter>
    </ClInclude>
    <ClInclude Include="album_art.h">
      <Filter>Header Files</Filter>
    </ClInclude>
    <ClInclude Include="search.h">
      <Filter>Header Files</Filter>
    </ClInclude>
    <ClInclude Include="searchQueryThread.h">
      <Filter>Header Files</Filter>
    </ClInclude>
    <ClInclude Include="ListviewHelper.h">
      <Filter>Header Files</Filter>
    </ClInclude>
    <ClInclude Include="SimpleHttpClientConfigurator.h">
      <Filter>Header Files</Filter>
    </ClInclude>
    <ClInclude Include="FakeAlbumArtExtractor.h">
      <Filter>Header Files</Filter>
    </ClInclude>
    <ClInclude Include="AlbumArtExtractorInstanceHttp.h">
      <Filter>Header Files</Filter>
    </ClInclude>
    <ClInclude Include="sqliteCacheDb.h">
      <Filter>Header Files</Filter>
    </ClInclude>
    <ClInclude Include="SQLiteCpp\SQLiteCpp.h">
      <Filter>Header Files</Filter>
    </ClInclude>
    <ClInclude Include="consts.h">
      <Filter>Header Files</Filter>
    </ClInclude>
    <ClInclude Include="logindlg.h">
      <Filter>Header Files</Filter>
    </ClInclude>
    <ClInclude Include="artist.h">
      <Filter>Header Files</Filter>
    </ClInclude>
    <ClInclude Include="artistUpdateThread.h">
      <Filter>Header Files</Filter>
    </ClInclude>
  </ItemGroup>
  <ItemGroup>
    <ResourceCompile Include="foo_subsonic.rc">
      <Filter>Resource Files</Filter>
    </ResourceCompile>
  </ItemGroup>
</Project>